
Microsoft Visual Studio Solution File, Format Version 12.00
# Visual Studio Version 16
VisualStudioVersion = 16.0.31112.23
MinimumVisualStudioVersion = 10.0.40219.1
Project("{FAE04EC0-301F-11D3-BF4B-00C04F79EFBC}") = "InverntOn", "InverntOn\InverntOn.csproj", "{B60B9464-F760-42D1-8D0D-813D916C3393}"
EndProject
Project("{FAE04EC0-301F-11D3-BF4B-00C04F79EFBC}") = "InventOn.UnitTests", "InventOn.UnitTests\InventOn.UnitTests.csproj", "{B7E98636-1340-4E60-B9ED-0A84A9E1CAEE}"
EndProject
Global
	GlobalSection(SolutionConfigurationPlatforms) = preSolution
		Debug|Any CPU = Debug|Any CPU
		Release|Any CPU = Release|Any CPU
	EndGlobalSection
	GlobalSection(ProjectConfigurationPlatforms) = postSolution
		{B60B9464-F760-42D1-8D0D-813D916C3393}.Debug|Any CPU.ActiveCfg = Debug|Any CPU
		{B60B9464-F760-42D1-8D0D-813D916C3393}.Debug|Any CPU.Build.0 = Debug|Any CPU
		{B60B9464-F760-42D1-8D0D-813D916C3393}.Release|Any CPU.ActiveCfg = Release|Any CPU
		{B60B9464-F760-42D1-8D0D-813D916C3393}.Release|Any CPU.Build.0 = Release|Any CPU
		{B7E98636-1340-4E60-B9ED-0A84A9E1CAEE}.Debug|Any CPU.ActiveCfg = Debug|Any CPU
		{B7E98636-1340-4E60-B9ED-0A84A9E1CAEE}.Debug|Any CPU.Build.0 = Debug|Any CPU
		{B7E98636-1340-4E60-B9ED-0A84A9E1CAEE}.Release|Any CPU.ActiveCfg = Release|Any CPU
		{B7E98636-1340-4E60-B9ED-0A84A9E1CAEE}.Release|Any CPU.Build.0 = Release|Any CPU
	EndGlobalSection
	GlobalSection(SolutionProperties) = preSolution
		HideSolutionNode = FALSE
	EndGlobalSection
	GlobalSection(ExtensibilityGlobals) = postSolution
		SolutionGuid = {7CFB4243-A992-4805-A8C3-5EE526D429E5}
	EndGlobalSection
EndGlobal
